
Microsoft Visual Studio Solution File, Format Version 12.00
# Visual Studio 15
VisualStudioVersion = 15.0.28307.1062
MinimumVisualStudioVersion = 10.0.40219.1
Project("{8BC9CEB8-8B4A-11D0-8D11-00A0C91BC942}") = "HW5_github_project2", "HW5_github_project2\HW5_github_project2.vcxproj", "{5D4C2CDD-F079-40BA-A431-FA12537B4DC5}"
EndProject
Global
	GlobalSection(SolutionConfigurationPlatforms) = preSolution
		Debug|x64 = Debug|x64
		Debug|x86 = Debug|x86
		Release|x64 = Release|x64
		Release|x86 = Release|x86
	EndGlobalSection
	GlobalSection(ProjectConfigurationPlatforms) = postSolution
		{5D4C2CDD-F079-40BA-A431-FA12537B4DC5}.Debug|x64.ActiveCfg = Debug|x64
		{5D4C2CDD-F079-40BA-A431-FA12537B4DC5}.Debug|x64.Build.0 = Debug|x64
		{5D4C2CDD-F079-40BA-A431-FA12537B4DC5}.Debug|x86.ActiveCfg = Debug|Win32
		{5D4C2CDD-F079-40BA-A431-FA12537B4DC5}.Debug|x86.Build.0 = Debug|Win32
		{5D4C2CDD-F079-40BA-A431-FA12537B4DC5}.Release|x64.ActiveCfg = Release|x64
		{5D4C2CDD-F079-40BA-A431-FA12537B4DC5}.Release|x64.Build.0 = Release|x64
		{5D4C2CDD-F079-40BA-A431-FA12537B4DC5}.Release|x86.ActiveCfg = Release|Win32
		{5D4C2CDD-F079-40BA-A431-FA12537B4DC5}.Release|x86.Build.0 = Release|Win32
	EndGlobalSection
	GlobalSection(SolutionProperties) = preSolution
		HideSolutionNode = FALSE
	EndGlobalSection
	GlobalSection(ExtensibilityGlobals) = postSolution
		SolutionGuid = {7580085F-CFD6-48C7-B780-253EF7548A42}
	EndGlobalSection
EndGlobal
